
Microsoft Visual Studio Solution File, Format Version 12.00
# Visual Studio Version 17
VisualStudioVersion = 17.11.35219.272
MinimumVisualStudioVersion = 10.0.40219.1
Project("{FAE04EC0-301F-11D3-BF4B-00C04F79EFBC}") = "p4g64.animatedcutins.next", "p4g64.animatedcutins.next\p4g64.animatedcutins.next.csproj", "{0A41051B-6014-4048-A1D3-2B33D234E8DA}"
EndProject
Global
	GlobalSection(SolutionConfigurationPlatforms) = preSolution
		Debug|Any CPU = Debug|Any CPU
		Release|Any CPU = Release|Any CPU
	EndGlobalSection
	GlobalSection(ProjectConfigurationPlatforms) = postSolution
		{0A41051B-6014-4048-A1D3-2B33D234E8DA}.Debug|Any CPU.ActiveCfg = Debug|Any CPU
		{0A41051B-6014-4048-A1D3-2B33D234E8DA}.Debug|Any CPU.Build.0 = Debug|Any CPU
		{0A41051B-6014-4048-A1D3-2B33D234E8DA}.Release|Any CPU.ActiveCfg = Release|Any CPU
		{0A41051B-6014-4048-A1D3-2B33D234E8DA}.Release|Any CPU.Build.0 = Release|Any CPU
	EndGlobalSection
	GlobalSection(SolutionProperties) = preSolution
		HideSolutionNode = FALSE
	EndGlobalSection
	GlobalSection(ExtensibilityGlobals) = postSolution
		SolutionGuid = {F4B57ED6-12CD-4367-87D0-EBC866FC7B46}
	EndGlobalSection
EndGlobal
